
Microsoft Visual Studio Solution File, Format Version 12.00
# Visual Studio Version 16
VisualStudioVersion = 16.0.33801.447
MinimumVisualStudioVersion = 10.0.40219.1
Project("{FAE04EC0-301F-11D3-BF4B-00C04F79EFBC}") = "Quiz percentage", "Quiz percentage\Quiz percentage.csproj", "{BD5D3ADF-5EBF-486A-8398-4E701DE7D130}"
EndProject
Project("{54435603-DBB4-11D2-8724-00A0C9A8B90C}") = "Quiz_Percentage_()", "Setup_Quiz_Percentage\Quiz_Percentage_()\Quiz_Percentage_().vdproj", "{3EACA3B4-FF74-4CA2-BE10-69B821411400}"
EndProject
Global
	GlobalSection(SolutionConfigurationPlatforms) = preSolution
		Debug|Any CPU = Debug|Any CPU
		Release|Any CPU = Release|Any CPU
	EndGlobalSection
	GlobalSection(ProjectConfigurationPlatforms) = postSolution
		{BD5D3ADF-5EBF-486A-8398-4E701DE7D130}.Debug|Any CPU.ActiveCfg = Debug|Any CPU
		{BD5D3ADF-5EBF-486A-8398-4E701DE7D130}.Debug|Any CPU.Build.0 = Debug|Any CPU
		{BD5D3ADF-5EBF-486A-8398-4E701DE7D130}.Release|Any CPU.ActiveCfg = Release|Any CPU
		{BD5D3ADF-5EBF-486A-8398-4E701DE7D130}.Release|Any CPU.Build.0 = Release|Any CPU
		{3EACA3B4-FF74-4CA2-BE10-69B821411400}.Debug|Any CPU.ActiveCfg = Debug
		{3EACA3B4-FF74-4CA2-BE10-69B821411400}.Release|Any CPU.ActiveCfg = Release
	EndGlobalSection
	GlobalSection(SolutionProperties) = preSolution
		HideSolutionNode = FALSE
	EndGlobalSection
	GlobalSection(ExtensibilityGlobals) = postSolution
		SolutionGuid = {194692F4-1CF1-4363-8F42-C6A63C5CC385}
	EndGlobalSection
EndGlobal
